
Microsoft Visual Studio Solution File, Format Version 12.00
# Visual Studio Version 16
VisualStudioVersion = 16.0.29728.190
MinimumVisualStudioVersion = 10.0.40219.1
Project("{FAE04EC0-301F-11D3-BF4B-00C04F79EFBC}") = "Test1Practce", "Test1Practce\Test1Practce.csproj", "{2C97D4C6-6F2F-454A-A32A-28F0CE4FBDF6}"
EndProject
Project("{FAE04EC0-301F-11D3-BF4B-00C04F79EFBC}") = "C_Sentinel-controlledLoop", "C_Sentinel-controlledLoop\C_Sentinel-controlledLoop.csproj", "{BFC2B52F-2499-4235-9F86-4A5926A2C622}"
EndProject
Global
	GlobalSection(SolutionConfigurationPlatforms) = preSolution
		Debug|Any CPU = Debug|Any CPU
		Release|Any CPU = Release|Any CPU
	EndGlobalSection
	GlobalSection(ProjectConfigurationPlatforms) = postSolution
		{2C97D4C6-6F2F-454A-A32A-28F0CE4FBDF6}.Debug|Any CPU.ActiveCfg = Debug|Any CPU
		{2C97D4C6-6F2F-454A-A32A-28F0CE4FBDF6}.Debug|Any CPU.Build.0 = Debug|Any CPU
		{2C97D4C6-6F2F-454A-A32A-28F0CE4FBDF6}.Release|Any CPU.ActiveCfg = Release|Any CPU
		{2C97D4C6-6F2F-454A-A32A-28F0CE4FBDF6}.Release|Any CPU.Build.0 = Release|Any CPU
		{BFC2B52F-2499-4235-9F86-4A5926A2C622}.Debug|Any CPU.ActiveCfg = Debug|Any CPU
		{BFC2B52F-2499-4235-9F86-4A5926A2C622}.Debug|Any CPU.Build.0 = Debug|Any CPU
		{BFC2B52F-2499-4235-9F86-4A5926A2C622}.Release|Any CPU.ActiveCfg = Release|Any CPU
		{BFC2B52F-2499-4235-9F86-4A5926A2C622}.Release|Any CPU.Build.0 = Release|Any CPU
	EndGlobalSection
	GlobalSection(SolutionProperties) = preSolution
		HideSolutionNode = FALSE
	EndGlobalSection
	GlobalSection(ExtensibilityGlobals) = postSolution
		SolutionGuid = {A3D3CBC8-82A5-4FDB-80CB-725EE0EB59BD}
	EndGlobalSection
EndGlobal
